// !$*UTF8*$!
{
	archiveVersion = 1;
	classes = {
	};
	objectVersion = 55;
	objects = {

/* Begin PBXBuildFile section */
		F177C34928210CF300FACD44 /* AppDelegate.swift in Sources */ = {isa = PBXBuildFile; fileRef = F177C34828210CF300FACD44 /* AppDelegate.swift */; };
		F177C34B28210CF300FACD44 /* SceneDelegate.swift in Sources */ = {isa = PBXBuildFile; fileRef = F177C34A28210CF300FACD44 /* SceneDelegate.swift */; };
		F177C34D28210CF300FACD44 /* ViewController.swift in Sources */ = {isa = PBXBuildFile; fileRef = F177C34C28210CF300FACD44 /* ViewController.swift */; };
		F177C35028210CF300FACD44 /* Main.storyboard in Resources */ = {isa = PBXBuildFile; fileRef = F177C34E28210CF300FACD44 /* Main.storyboard */; };
		F177C35228210CF500FACD44 /* Assets.xcassets in Resources */ = {isa = PBXBuildFile; fileRef = F177C35128210CF500FACD44 /* Assets.xcassets */; };
		F177C35528210CF500FACD44 /* LaunchScreen.storyboard in Resources */ = {isa = PBXBuildFile; fileRef = F177C35328210CF500FACD44 /* LaunchScreen.storyboard */; };
		F921DFD91FFF500473C133C4 /* Pods_ExBottomSheet.framework in Frameworks */ = {isa = PBXBuildFile; fileRef = 018B6F0A5A1D7D3C681B61B1 /* Pods_ExBottomSheet.framework */; };
/* End PBXBuildFile section */

/* Begin PBXFileReference section */
		018B6F0A5A1D7D3C681B61B1 /* Pods_ExBottomSheet.framework */ = {isa = PBXFileReference; explicitFileType = wrapper.framework; includeInIndex = 0; path = Pods_ExBottomSheet.framework; sourceTree = BUILT_PRODUCTS_DIR; };
		D67520C0B9504896E08E475F /* Pods-ExBottomSheet.debug.xcconfig */ = {isa = PBXFileReference; includeInIndex = 1; lastKnownFileType = text.xcconfig; name = "Pods-ExBottomSheet.debug.xcconfig"; path = "Target Support Files/Pods-ExBottomSheet/Pods-ExBottomSheet.debug.xcconfig"; sourceTree = "<group>"; };
		E650E9CD97B2A7E48BF6EB5E /* Pods-ExBottomSheet.release.xcconfig */ = {isa = PBXFileReference; includeInIndex = 1; lastKnownFileType = text.xcconfig; name = "Pods-ExBottomSheet.release.xcconfig"; path = "Target Support Files/Pods-ExBottomSheet/Pods-ExBottomSheet.release.xcconfig"; sourceTree = "<group>"; };
		F177C34528210CF300FACD44 /* ExBottomSheet.app */ = {isa = PBXFileReference; explicitFileType = wrapper.application; includeInIndex = 0; path = ExBottomSheet.app; sourceTree = BUILT_PRODUCTS_DIR; };
		F177C34828210CF300FACD44 /* AppDelegate.swift */ = {isa = PBXFileReference; lastKnownFileType = sourcecode.swift; path = AppDelegate.swift; sourceTree = "<group>"; };
		F177C34A28210CF300FACD44 /* SceneDelegate.swift */ = {isa = PBXFileReference; lastKnownFileType = sourcecode.swift; path = SceneDelegate.swift; sourceTree = "<group>"; };
		F177C34C28210CF300FACD44 /* ViewController.swift */ = {isa = PBXFileReference; lastKnownFileType = sourcecode.swift; path = ViewController.swift; sourceTree = "<group>"; };
		F177C34F28210CF300FACD44 /* Base */ = {isa = PBXFileReference; lastKnownFileType = file.storyboard; name = Base; path = Base.lproj/Main.storyboard; sourceTree = "<group>"; };
		F177C35128210CF500FACD44 /* Assets.xcassets */ = {isa = PBXFileReference; lastKnownFileType = folder.assetcatalog; path = Assets.xcassets; sourceTree = "<group>"; };
		F177C35428210CF500FACD44 /* Base */ = {isa = PBXFileReference; lastKnownFileType = file.storyboard; name = Base; path = Base.lproj/LaunchScreen.storyboard; sourceTree = "<group>"; };
		F177C35628210CF500FACD44 /* Info.plist */ = {isa = PBXFileReference; lastKnownFileType = text.plist.xml; path = Info.plist; sourceTree = "<group>"; };
/* End PBXFileReference section */

/* Begin PBXFrameworksBuildPhase section */
		F177C34228210CF300FACD44 /* Frameworks */ = {
			isa = PBXFrameworksBuildPhase;
			buildActionMask = 2147483647;
			files = (
				F921DFD91FFF500473C133C4 /* Pods_ExBottomSheet.framework in Frameworks */,
			);
			runOnlyForDeploymentPostprocessing = 0;
		};
/* End PBXFrameworksBuildPhase section */

/* Begin PBXGroup section */
		2A4B4DCCFD1818AFABDF9B9C /* Pods */ = {
			isa = PBXGroup;
			children = (
				D67520C0B9504896E08E475F /* Pods-ExBottomSheet.debug.xcconfig */,
				E650E9CD97B2A7E48BF6EB5E /* Pods-ExBottomSheet.release.xcconfig */,
			);
			name = Pods;
			path = Pods;
			sourceTree = "<group>";
		};
		93240CBD2EBE8B4D615DB7E8 /* Frameworks */ = {
			isa = PBXGroup;
			children = (
				018B6F0A5A1D7D3C681B61B1 /* Pods_ExBottomSheet.framework */,
			);
			name = Frameworks;
			sourceTree = "<group>";
		};
		F177C33C28210CF300FACD44 = {
			isa = PBXGroup;
			children = (
				F177C34728210CF300FACD44 /* ExBottomSheet */,
				F177C34628210CF300FACD44 /* Products */,
				2A4B4DCCFD1818AFABDF9B9C /* Pods */,
				93240CBD2EBE8B4D615DB7E8 /* Frameworks */,
			);
			sourceTree = "<group>";
		};
		F177C34628210CF300FACD44 /* Products */ = {
			isa = PBXGroup;
			children = (
				F177C34528210CF300FACD44 /* ExBottomSheet.app */,
			);
			name = Products;
			sourceTree = "<group>";
		};
		F177C34728210CF300FACD44 /* ExBottomSheet */ = {
			isa = PBXGroup;
			children = (
				F177C34828210CF300FACD44 /* AppDelegate.swift */,
				F177C34A28210CF300FACD44 /* SceneDelegate.swift */,
				F177C34C28210CF300FACD44 /* ViewController.swift */,
				F177C34E28210CF300FACD44 /* Main.storyboard */,
				F177C35128210CF500FACD44 /* Assets.xcassets */,
				F177C35328210CF500FACD44 /* LaunchScreen.storyboard */,
				F177C35628210CF500FACD44 /* Info.plist */,
			);
			path = ExBottomSheet;
			sourceTree = "<group>";
		};
/* End PBXGroup section */

/* Begin PBXNativeTarget section */
		F177C34428210CF300FACD44 /* ExBottomSheet */ = {
			isa = PBXNativeTarget;
			buildConfigurationList = F177C35928210CF500FACD44 /* Build configuration list for PBXNativeTarget "ExBottomSheet" */;
			buildPhases = (
				883CBB05F2D272923D5B47A8 /* [CP] Check Pods Manifest.lock */,
				F177C34128210CF300FACD44 /* Sources */,
				F177C34228210CF300FACD44 /* Frameworks */,
				F177C34328210CF300FACD44 /* Resources */,
				CE2D5C217A1751CFB6720E85 /* [CP] Embed Pods Frameworks */,
			);
			buildRules = (
			);
			dependencies = (
			);
			name = ExBottomSheet;
			productName = ExBottomSheet;
			productReference = F177C34528210CF300FACD44 /* ExBottomSheet.app */;
			productType = "com.apple.product-type.application";
		};
/* End PBXNativeTarget section */

/* Begin PBXProject section */
		F177C33D28210CF300FACD44 /* Project object */ = {
			isa = PBXProject;
			attributes = {
				BuildIndependentTargetsInParallel = 1;
				LastSwiftUpdateCheck = 1330;
				LastUpgradeCheck = 1330;
				TargetAttributes = {
					F177C34428210CF300FACD44 = {
						CreatedOnToolsVersion = 13.3;
					};
				};
			};
			buildConfigurationList = F177C34028210CF300FACD44 /* Build configuration list for PBXProject "ExBottomSheet" */;
			compatibilityVersion = "Xcode 13.0";
			developmentRegion = en;
			hasScannedForEncodings = 0;
			knownRegions = (
				en,
				Base,
			);
			mainGroup = F177C33C28210CF300FACD44;
			productRefGroup = F177C34628210CF300FACD44 /* Products */;
			projectDirPath = "";
			projectRoot = "";
			targets = (
				F177C34428210CF300FACD44 /* ExBottomSheet */,
			);
		};
/* End PBXProject section */

/* Begin PBXResourcesBuildPhase section */
		F177C34328210CF300FACD44 /* Resources */ = {
			isa = PBXResourcesBuildPhase;
			buildActionMask = 2147483647;
			files = (
				F177C35528210CF500FACD44 /* LaunchScreen.storyboard in Resources */,
				F177C35228210CF500FACD44 /* Assets.xcassets in Resources */,
				F177C35028210CF300FACD44 /* Main.storyboard in Resources */,
			);
			runOnlyForDeploymentPostprocessing = 0;
		};
/* End PBXResourcesBuildPhase section */

/* Begin PBXShellScriptBuildPhase section */
		883CBB05F2D272923D5B47A8 /* [CP] Check Pods Manifest.lock */ = {
			isa = PBXShellScriptBuildPhase;
			buildActionMask = 2147483647;
			files = (
			);
			inputFileListPaths = (
			);
			inputPaths = (
				"${PODS_PODFILE_DIR_PATH}/Podfile.lock",
				"${PODS_ROOT}/Manifest.lock",
			);
			name = "[CP] Check Pods Manifest.lock";
			outputFileListPaths = (
			);
			outputPaths = (
				"$(DERIVED_FILE_DIR)/Pods-ExBottomSheet-checkManifestLockResult.txt",
			);
			runOnlyForDeploymentPostprocessing = 0;
			shellPath = /bin/sh;
			shellScript = "diff \"${PODS_PODFILE_DIR_PATH}/Podfile.lock\" \"${PODS_ROOT}/Manifest.lock\" > /dev/null\nif [ $? != 0 ] ; then\n    # print error to STDERR\n    echo \"error: The sandbox is not in sync with the Podfile.lock. Run 'pod install' or update your CocoaPods installation.\" >&2\n    exit 1\nfi\n# This output is used by Xcode 'outputs' to avoid re-running this script phase.\necho \"SUCCESS\" > \"${SCRIPT_OUTPUT_FILE_0}\"\n";
			showEnvVarsInLog = 0;
		};
		CE2D5C217A1751CFB6720E85 /* [CP] Embed Pods Frameworks */ = {
			isa = PBXShellScriptBuildPhase;
			buildActionMask = 2147483647;
			files = (
			);
			inputFileListPaths = (
				"${PODS_ROOT}/Target Support Files/Pods-ExBottomSheet/Pods-ExBottomSheet-frameworks-${CONFIGURATION}-input-files.xcfilelist",
			);
			name = "[CP] Embed Pods Frameworks";
			outputFileListPaths = (
				"${PODS_ROOT}/Target Support Files/Pods-ExBottomSheet/Pods-ExBottomSheet-frameworks-${CONFIGURATION}-output-files.xcfilelist",
			);
			runOnlyForDeploymentPostprocessing = 0;
			shellPath = /bin/sh;
			shellScript = "\"${PODS_ROOT}/Target Support Files/Pods-ExBottomSheet/Pods-ExBottomSheet-frameworks.sh\"\n";
			showEnvVarsInLog = 0;
		};
/* End PBXShellScriptBuildPhase section */

/* Begin PBXSourcesBuildPhase section */
		F177C34128210CF300FACD44 /* Sources */ = {
			isa = PBXSourcesBuildPhase;
			buildActionMask = 2147483647;
			files = (
				F177C34D28210CF300FACD44 /* ViewController.swift in Sources */,
				F177C34928210CF300FACD44 /* AppDelegate.swift in Sources */,
				F177C34B28210CF300FACD44 /* SceneDelegate.swift in Sources */,
			);
			runOnlyForDeploymentPostprocessing = 0;
		};
/* End PBXSourcesBuildPhase section */

/* Begin PBXVariantGroup section */
		F177C34E28210CF300FACD44 /* Main.storyboard */ = {
			isa = PBXVariantGroup;
			children = (
				F177C34F28210CF300FACD44 /* Base */,
			);
			name = Main.storyboard;
			sourceTree = "<group>";
		};
		F177C35328210CF500FACD44 /* LaunchScreen.storyboard */ = {
			isa = PBXVariantGroup;
			children = (
				F177C35428210CF500FACD44 /* Base */,
			);
			name = LaunchScreen.storyboard;
			sourceTree = "<group>";
		};
/* End PBXVariantGroup section */

/* Begin XCBuildConfiguration section */
		F177C35728210CF500FACD44 /* Debug */ = {
			isa = XCBuildConfiguration;
			buildSettings = {
				ALWAYS_SEARCH_USER_PATHS = NO;
				CLANG_ANALYZER_NONNULL = YES;
				CLANG_ANALYZER_NUMBER_OBJECT_CONVERSION = YES_AGGRESSIVE;
				CLANG_CXX_LANGUAGE_STANDARD = "gnu++17";
				CLANG_ENABLE_MODULES = YES;
				CLANG_ENABLE_OBJC_ARC = YES;
				CLANG_ENABLE_OBJC_WEAK = YES;
				CLANG_WARN_BLOCK_CAPTURE_AUTORELEASING = YES;
				CLANG_WARN_BOOL_CONVERSION = YES;
				CLANG_WARN_COMMA = YES;
				CLANG_WARN_CONSTANT_CONVERSION = YES;
				CLANG_WARN_DEPRECATED_OBJC_IMPLEMENTATIONS = YES;
				CLANG_WARN_DIRECT_OBJC_ISA_USAGE = YES_ERROR;
				CLANG_WARN_DOCUMENTATION_COMMENTS = YES;
				CLANG_WARN_EMPTY_BODY = YES;
				CLANG_WARN_ENUM_CONVERSION = YES;
				CLANG_WARN_INFINITE_RECURSION = YES;
				CLANG_WARN_INT_CONVERSION = YES;
				CLANG_WARN_NON_LITERAL_NULL_CONVERSION = YES;
				CLANG_WARN_OBJC_IMPLICIT_RETAIN_SELF = YES;
				CLANG_WARN_OBJC_LITERAL_CONVERSION = YES;
				CLANG_WARN_OBJC_ROOT_CLASS = YES_ERROR;
				CLANG_WARN_QUOTED_INCLUDE_IN_FRAMEWORK_HEADER = YES;
				CLANG_WARN_RANGE_LOOP_ANALYSIS = YES;
				CLANG_WARN_STRICT_PROTOTYPES = YES;
				CLANG_WARN_SUSPICIOUS_MOVE = YES;
				CLANG_WARN_UNGUARDED_AVAILABILITY = YES_AGGRESSIVE;
				CLANG_WARN_UNREACHABLE_CODE = YES;
				CLANG_WARN__DUPLICATE_METHOD_MATCH = YES;
				COPY_PHASE_STRIP = NO;
				DEBUG_INFORMATION_FORMAT = dwarf;
				ENABLE_STRICT_OBJC_MSGSEND = YES;
				ENABLE_TESTABILITY = YES;
				GCC_C_LANGUAGE_STANDARD = gnu11;
				GCC_DYNAMIC_NO_PIC = NO;
				GCC_NO_COMMON_BLOCKS = YES;
				GCC_OPTIMIZATION_LEVEL = 0;
				GCC_PREPROCESSOR_DEFINITIONS = (
					"DEBUG=1",
					"$(inherited)",
				);
				GCC_WARN_64_TO_32_BIT_CONVERSION = YES;
				GCC_WARN_ABOUT_RETURN_TYPE = YES_ERROR;
				GCC_WARN_UNDECLARED_SELECTOR = YES;
				GCC_WARN_UNINITIALIZED_AUTOS = YES_AGGRESSIVE;
				GCC_WARN_UNUSED_FUNCTION = YES;
				GCC_WARN_UNUSED_VARIABLE = YES;
				IPHONEOS_DEPLOYMENT_TARGET = 12.0;
				MTL_ENABLE_DEBUG_INFO = INCLUDE_SOURCE;
				MTL_FAST_MATH = YES;
				ONLY_ACTIVE_ARCH = YES;
				SDKROOT = iphoneos;
				SWIFT_ACTIVE_COMPILATION_CONDITIONS = DEBUG;
				SWIFT_OPTIMIZATION_LEVEL = "-Onone";
			};
			name = Debug;
		};
		F177C35828210CF500FACD44 /* Release */ = {
			isa = XCBuildConfiguration;
			buildSettings = {
				ALWAYS_SEARCH_USER_PATHS = NO;
				CLANG_ANALYZER_NONNULL = YES;
				CLANG_ANALYZER_NUMBER_OBJECT_CONVERSION = YES_AGGRESSIVE;
				CLANG_CXX_LANGUAGE_STANDARD = "gnu++17";
				CLANG_ENABLE_MODULES = YES;
				CLANG_ENABLE_OBJC_ARC = YES;
				CLANG_ENABLE_OBJC_WEAK = YES;
				CLANG_WARN_BLOCK_CAPTURE_AUTORELEASING = YES;
				CLANG_WARN_BOOL_CONVERSION = YES;
				CLANG_WARN_COMMA = YES;
				CLANG_WARN_CONSTANT_CONVERSION = YES;
				CLANG_WARN_DEPRECATED_OBJC_IMPLEMENTATIONS = YES;
				CLANG_WARN_DIRECT_OBJC_ISA_USAGE = YES_ERROR;
				CLANG_WARN_DOCUMENTATION_COMMENTS = YES;
				CLANG_WARN_EMPTY_BODY = YES;
				CLANG_WARN_ENUM_CONVERSION = YES;
				CLANG_WARN_INFINITE_RECURSION = YES;
				CLANG_WARN_INT_CONVERSION = YES;
				CLANG_WARN_NON_LITERAL_NULL_CONVERSION = YES;
				CLANG_WARN_OBJC_IMPLICIT_RETAIN_SELF = YES;
				CLANG_WARN_OBJC_LITERAL_CONVERSION = YES;
				CLANG_WARN_OBJC_ROOT_CLASS = YES_ERROR;
				CLANG_WARN_QUOTED_INCLUDE_IN_FRAMEWORK_HEADER = YES;
				CLANG_WARN_RANGE_LOOP_ANALYSIS = YES;
				CLANG_WARN_STRICT_PROTOTYPES = YES;
				CLANG_WARN_SUSPICIOUS_MOVE = YES;
				CLANG_WARN_UNGUARDED_AVAILABILITY = YES_AGGRESSIVE;
				CLANG_WARN_UNREACHABLE_CODE = YES;
				CLANG_WARN__DUPLICATE_METHOD_MATCH = YES;
				COPY_PHASE_STRIP = NO;
				DEBUG_INFORMATION_FORMAT = "dwarf-with-dsym";
				ENABLE_NS_ASSERTIONS = NO;
				ENABLE_STRICT_OBJC_MSGSEND = YES;
				GCC_C_LANGUAGE_STANDARD = gnu11;
				GCC_NO_COMMON_BLOCKS = YES;
				GCC_WARN_64_TO_32_BIT_CONVERSION = YES;
				GCC_WARN_ABOUT_RETURN_TYPE = YES_ERROR;
				GCC_WARN_UNDECLARED_SELECTOR = YES;
				GCC_WARN_UNINITIALIZED_AUTOS = YES_AGGRESSIVE;
				GCC_WARN_UNUSED_FUNCTION = YES;
				GCC_WARN_UNUSED_VARIABLE = YES;
				IPHONEOS_DEPLOYMENT_TARGET = 12.0;
				MTL_ENABLE_DEBUG_INFO = NO;
				MTL_FAST_MATH = YES;
				SDKROOT = iphoneos;
				SWIFT_COMPILATION_MODE = wholemodule;
				SWIFT_OPTIMIZATION_LEVEL = "-O";
				VALIDATE_PRODUCT = YES;
			};
			name = Release;
		};
		F177C35A28210CF500FACD44 /* Debug */ = {
			isa = XCBuildConfiguration;
			baseConfigurationReference = D67520C0B9504896E08E475F /* Pods-ExBottomSheet.debug.xcconfig */;
			buildSettings = {
				ASSETCATALOG_COMPILER_APPICON_NAME = AppIcon;
				ASSETCATALOG_COMPILER_GLOBAL_ACCENT_COLOR_NAME = AccentColor;
				CODE_SIGN_STYLE = Automatic;
				CURRENT_PROJECT_VERSION = 1;
				DEVELOPMENT_TEAM = KP6K44TU8Y;
				GENERATE_INFOPLIST_FILE = YES;
				INFOPLIST_FILE = ExBottomSheet/Info.plist;
				INFOPLIST_KEY_UIApplicationSupportsIndirectInputEvents = YES;
				INFOPLIST_KEY_UILaunchStoryboardName = LaunchScreen;
				INFOPLIST_KEY_UIMainStoryboardFile = Main;
				INFOPLIST_KEY_UISupportedInterfaceOrientations_iPad = "UIInterfaceOrientationPortrait UIInterfaceOrientationPortraitUpsideDown UIInterfaceOrientationLandscapeLeft UIInterfaceOrientationLandscapeRight";
				INFOPLIST_KEY_UISupportedInterfaceOrientations_iPhone = "UIInterfaceOrientationPortrait UIInterfaceOrientationLandscapeLeft UIInterfaceOrientationLandscapeRight";
				LD_RUNPATH_SEARCH_PATHS = (
					"$(inherited)",
					"@executable_path/Frameworks",
				);
				MARKETING_VERSION = 1.0;
				PRODUCT_BUNDLE_IDENTIFIER = com.miso.ExBottomSheet;
				PRODUCT_NAME = "$(TARGET_NAME)";
				SWIFT_EMIT_LOC_STRINGS = YES;
				SWIFT_VERSION = 5.0;
				TARGETED_DEVICE_FAMILY = "1,2";
			};
			name = Debug;
		};
		F177C35B28210CF500FACD44 /* Release */ = {
			isa = XCBuildConfiguration;
			baseConfigurationReference = E650E9CD97B2A7E48BF6EB5E /* Pods-ExBottomSheet.release.xcconfig */;
			buildSettings = {
				ASSETCATALOG_COMPILER_APPICON_NAME = AppIcon;
				ASSETCATALOG_COMPILER_GLOBAL_ACCENT_COLOR_NAME = AccentColor;
				CODE_SIGN_STYLE = Automatic;
				CURRENT_PROJECT_VERSION = 1;
				DEVELOPMENT_TEAM = KP6K44TU8Y;
				GENERATE_INFOPLIST_FILE = YES;
				INFOPLIST_FILE = ExBottomSheet/Info.plist;
				INFOPLIST_KEY_UIApplicationSupportsIndirectInputEvents = YES;
				INFOPLIST_KEY_UILaunchStoryboardName = LaunchScreen;
				INFOPLIST_KEY_UIMainStoryboardFile = Main;
				INFOPLIST_KEY_UISupportedInterfaceOrientations_iPad = "UIInterfaceOrientationPortrait UIInterfaceOrientationPortraitUpsideDown UIInterfaceOrientationLandscapeLeft UIInterfaceOrientationLandscapeRight";
				INFOPLIST_KEY_UISupportedInterfaceOrientations_iPhone = "UIInterfaceOrientationPortrait UIInterfaceOrientationLandscapeLeft UIInterfaceOrientationLandscapeRight";
				LD_RUNPATH_SEARCH_PATHS = (
					"$(inherited)",
					"@executable_path/Frameworks",
				);
				MARKETING_VERSION = 1.0;
				PRODUCT_BUNDLE_IDENTIFIER = com.miso.ExBottomSheet;
				PRODUCT_NAME = "$(TARGET_NAME)";
				SWIFT_EMIT_LOC_STRINGS = YES;
				SWIFT_VERSION = 5.0;
				TARGETED_DEVICE_FAMILY = "1,2";
			};
			name = Release;
		};
/* End XCBuildConfiguration section */

/* Begin XCConfigurationList section */
		F177C34028210CF300FACD44 /* Build configuration list for PBXProject "ExBottomSheet" */ = {
			isa = XCConfigurationList;
			buildConfigurations = (
				F177C35728210CF500FACD44 /* Debug */,
				F177C35828210CF500FACD44 /* Release */,
			);
			defaultConfigurationIsVisible = 0;
			defaultConfigurationName = Release;
		};
		F177C35928210CF500FACD44 /* Build configuration list for PBXNativeTarget "ExBottomSheet" */ = {
			isa = XCConfigurationList;
			buildConfigurations = (
				F177C35A28210CF500FACD44 /* Debug */,
				F177C35B28210CF500FACD44 /* Release */,
			);
			defaultConfigurationIsVisible = 0;
			defaultConfigurationName = Release;
		};
/* End XCConfigurationList section */
	};
	rootObject = F177C33D28210CF300FACD44 /* Project object */;
}
